// !$*UTF8*$!
{
	archiveVersion = 1;
	classes = {
	};
	objectVersion = 56;
	objects = {

/* Begin PBXBuildFile section */
		0D1BCC862AC7239E0051FAAE /* ManagerPanelViewController.m in Sources */ = {isa = PBXBuildFile; fileRef = 0D1BCC852AC7239E0051FAAE /* ManagerPanelViewController.m */; };
		0D1BCC8C2AC725A70051FAAE /* HistoryTableViewController.m in Sources */ = {isa = PBXBuildFile; fileRef = 0D1BCC8B2AC725A70051FAAE /* HistoryTableViewController.m */; };
		0D1BCC8F2AC728BC0051FAAE /* ResetViewController.m in Sources */ = {isa = PBXBuildFile; fileRef = 0D1BCC8E2AC728BC0051FAAE /* ResetViewController.m */; };
		0D1BCC952AC7357C0051FAAE /* PurchaseHistory.m in Sources */ = {isa = PBXBuildFile; fileRef = 0D1BCC942AC7357C0051FAAE /* PurchaseHistory.m */; };
		0D1BCC982AC752310051FAAE /* History.m in Sources */ = {isa = PBXBuildFile; fileRef = 0D1BCC972AC752310051FAAE /* History.m */; };
		0DFEB6152AC880540006FCAC /* DetailViewController.m in Sources */ = {isa = PBXBuildFile; fileRef = 0DFEB6142AC880540006FCAC /* DetailViewController.m */; };
		F18D185B2AC5BB3D006EA445 /* AppDelegate.m in Sources */ = {isa = PBXBuildFile; fileRef = F18D185A2AC5BB3D006EA445 /* AppDelegate.m */; };
		F18D185E2AC5BB3D006EA445 /* SceneDelegate.m in Sources */ = {isa = PBXBuildFile; fileRef = F18D185D2AC5BB3D006EA445 /* SceneDelegate.m */; };
		F18D18612AC5BB3D006EA445 /* ViewController.m in Sources */ = {isa = PBXBuildFile; fileRef = F18D18602AC5BB3D006EA445 /* ViewController.m */; };
		F18D18642AC5BB3D006EA445 /* Main.storyboard in Resources */ = {isa = PBXBuildFile; fileRef = F18D18622AC5BB3D006EA445 /* Main.storyboard */; };
		F18D18662AC5BB3E006EA445 /* Assets.xcassets in Resources */ = {isa = PBXBuildFile; fileRef = F18D18652AC5BB3E006EA445 /* Assets.xcassets */; };
		F18D18692AC5BB3E006EA445 /* LaunchScreen.storyboard in Resources */ = {isa = PBXBuildFile; fileRef = F18D18672AC5BB3E006EA445 /* LaunchScreen.storyboard */; };
		F18D186C2AC5BB3E006EA445 /* main.m in Sources */ = {isa = PBXBuildFile; fileRef = F18D186B2AC5BB3E006EA445 /* main.m */; };
		F18D18742AC5C767006EA445 /* Items.m in Sources */ = {isa = PBXBuildFile; fileRef = F18D18732AC5C767006EA445 /* Items.m */; };
		F1EC1C112AC5DAA900280C1E /* Store.m in Sources */ = {isa = PBXBuildFile; fileRef = F1EC1C102AC5DAA900280C1E /* Store.m */; };
/* End PBXBuildFile section */

/* Begin PBXFileReference section */
		0D1BCC842AC7239E0051FAAE /* ManagerPanelViewController.h */ = {isa = PBXFileReference; lastKnownFileType = sourcecode.c.h; path = ManagerPanelViewController.h; sourceTree = "<group>"; };
		0D1BCC852AC7239E0051FAAE /* ManagerPanelViewController.m */ = {isa = PBXFileReference; lastKnownFileType = sourcecode.c.objc; path = ManagerPanelViewController.m; sourceTree = "<group>"; };
		0D1BCC8A2AC725A70051FAAE /* HistoryTableViewController.h */ = {isa = PBXFileReference; lastKnownFileType = sourcecode.c.h; path = HistoryTableViewController.h; sourceTree = "<group>"; };
		0D1BCC8B2AC725A70051FAAE /* HistoryTableViewController.m */ = {isa = PBXFileReference; lastKnownFileType = sourcecode.c.objc; path = HistoryTableViewController.m; sourceTree = "<group>"; };
		0D1BCC8D2AC728BC0051FAAE /* ResetViewController.h */ = {isa = PBXFileReference; lastKnownFileType = sourcecode.c.h; path = ResetViewController.h; sourceTree = "<group>"; };
		0D1BCC8E2AC728BC0051FAAE /* ResetViewController.m */ = {isa = PBXFileReference; lastKnownFileType = sourcecode.c.objc; path = ResetViewController.m; sourceTree = "<group>"; };
		0D1BCC932AC7357C0051FAAE /* PurchaseHistory.h */ = {isa = PBXFileReference; lastKnownFileType = sourcecode.c.h; path = PurchaseHistory.h; sourceTree = "<group>"; };
		0D1BCC942AC7357C0051FAAE /* PurchaseHistory.m */ = {isa = PBXFileReference; lastKnownFileType = sourcecode.c.objc; path = PurchaseHistory.m; sourceTree = "<group>"; };
		0D1BCC962AC752310051FAAE /* History.h */ = {isa = PBXFileReference; lastKnownFileType = sourcecode.c.h; path = History.h; sourceTree = "<group>"; };
		0D1BCC972AC752310051FAAE /* History.m */ = {isa = PBXFileReference; lastKnownFileType = sourcecode.c.objc; path = History.m; sourceTree = "<group>"; };
		0DFEB6132AC880540006FCAC /* DetailViewController.h */ = {isa = PBXFileReference; lastKnownFileType = sourcecode.c.h; path = DetailViewController.h; sourceTree = "<group>"; };
		0DFEB6142AC880540006FCAC /* DetailViewController.m */ = {isa = PBXFileReference; lastKnownFileType = sourcecode.c.objc; path = DetailViewController.m; sourceTree = "<group>"; };
		F18D18562AC5BB3D006EA445 /* RaptorsTicketApp.app */ = {isa = PBXFileReference; explicitFileType = wrapper.application; includeInIndex = 0; path = RaptorsTicketApp.app; sourceTree = BUILT_PRODUCTS_DIR; };
		F18D18592AC5BB3D006EA445 /* AppDelegate.h */ = {isa = PBXFileReference; lastKnownFileType = sourcecode.c.h; path = AppDelegate.h; sourceTree = "<group>"; };
		F18D185A2AC5BB3D006EA445 /* AppDelegate.m */ = {isa = PBXFileReference; lastKnownFileType = sourcecode.c.objc; path = AppDelegate.m; sourceTree = "<group>"; };
		F18D185C2AC5BB3D006EA445 /* SceneDelegate.h */ = {isa = PBXFileReference; lastKnownFileType = sourcecode.c.h; path = SceneDelegate.h; sourceTree = "<group>"; };
		F18D185D2AC5BB3D006EA445 /* SceneDelegate.m */ = {isa = PBXFileReference; lastKnownFileType = sourcecode.c.objc; path = SceneDelegate.m; sourceTree = "<group>"; };
		F18D185F2AC5BB3D006EA445 /* ViewController.h */ = {isa = PBXFileReference; lastKnownFileType = sourcecode.c.h; path = ViewController.h; sourceTree = "<group>"; };
		F18D18602AC5BB3D006EA445 /* ViewController.m */ = {isa = PBXFileReference; lastKnownFileType = sourcecode.c.objc; path = ViewController.m; sourceTree = "<group>"; };
		F18D18632AC5BB3D006EA445 /* Base */ = {isa = PBXFileReference; lastKnownFileType = file.storyboard; name = Base; path = Base.lproj/Main.storyboard; sourceTree = "<group>"; };
		F18D18652AC5BB3E006EA445 /* Assets.xcassets */ = {isa = PBXFileReference; lastKnownFileType = folder.assetcatalog; path = Assets.xcassets; sourceTree = "<group>"; };
		F18D18682AC5BB3E006EA445 /* Base */ = {isa = PBXFileReference; lastKnownFileType = file.storyboard; name = Base; path = Base.lproj/LaunchScreen.storyboard; sourceTree = "<group>"; };
		F18D186A2AC5BB3E006EA445 /* Info.plist */ = {isa = PBXFileReference; lastKnownFileType = text.plist.xml; path = Info.plist; sourceTree = "<group>"; };
		F18D186B2AC5BB3E006EA445 /* main.m */ = {isa = PBXFileReference; lastKnownFileType = sourcecode.c.objc; path = main.m; sourceTree = "<group>"; };
		F18D18722AC5C767006EA445 /* Items.h */ = {isa = PBXFileReference; lastKnownFileType = sourcecode.c.h; path = Items.h; sourceTree = "<group>"; };
		F18D18732AC5C767006EA445 /* Items.m */ = {isa = PBXFileReference; lastKnownFileType = sourcecode.c.objc; path = Items.m; sourceTree = "<group>"; };
		F1EC1C0F2AC5DAA900280C1E /* Store.h */ = {isa = PBXFileReference; lastKnownFileType = sourcecode.c.h; path = Store.h; sourceTree = "<group>"; };
		F1EC1C102AC5DAA900280C1E /* Store.m */ = {isa = PBXFileReference; lastKnownFileType = sourcecode.c.objc; path = Store.m; sourceTree = "<group>"; };
/* End PBXFileReference section */

/* Begin PBXFrameworksBuildPhase section */
		F18D18532AC5BB3D006EA445 /* Frameworks */ = {
			isa = PBXFrameworksBuildPhase;
			buildActionMask = 2147483647;
			files = (
			);
			runOnlyForDeploymentPostprocessing = 0;
		};
/* End PBXFrameworksBuildPhase section */

/* Begin PBXGroup section */
		F18D184D2AC5BB3D006EA445 = {
			isa = PBXGroup;
			children = (
				F18D18582AC5BB3D006EA445 /* RaptorsTicketApp */,
				F18D18572AC5BB3D006EA445 /* Products */,
			);
			sourceTree = "<group>";
		};
		F18D18572AC5BB3D006EA445 /* Products */ = {
			isa = PBXGroup;
			children = (
				F18D18562AC5BB3D006EA445 /* RaptorsTicketApp.app */,
			);
			name = Products;
			sourceTree = "<group>";
		};
		F18D18582AC5BB3D006EA445 /* RaptorsTicketApp */ = {
			isa = PBXGroup;
			children = (
				F18D18592AC5BB3D006EA445 /* AppDelegate.h */,
				F18D185A2AC5BB3D006EA445 /* AppDelegate.m */,
				F18D185C2AC5BB3D006EA445 /* SceneDelegate.h */,
				F18D185D2AC5BB3D006EA445 /* SceneDelegate.m */,
				F18D185F2AC5BB3D006EA445 /* ViewController.h */,
				F18D18602AC5BB3D006EA445 /* ViewController.m */,
				F18D18622AC5BB3D006EA445 /* Main.storyboard */,
				F18D18652AC5BB3E006EA445 /* Assets.xcassets */,
				F18D18672AC5BB3E006EA445 /* LaunchScreen.storyboard */,
				F18D186A2AC5BB3E006EA445 /* Info.plist */,
				F18D186B2AC5BB3E006EA445 /* main.m */,
				F18D18722AC5C767006EA445 /* Items.h */,
				F18D18732AC5C767006EA445 /* Items.m */,
				0D1BCC962AC752310051FAAE /* History.h */,
				0D1BCC972AC752310051FAAE /* History.m */,
				F1EC1C0F2AC5DAA900280C1E /* Store.h */,
				F1EC1C102AC5DAA900280C1E /* Store.m */,
				0D1BCC842AC7239E0051FAAE /* ManagerPanelViewController.h */,
				0D1BCC852AC7239E0051FAAE /* ManagerPanelViewController.m */,
				0D1BCC8A2AC725A70051FAAE /* HistoryTableViewController.h */,
				0D1BCC8B2AC725A70051FAAE /* HistoryTableViewController.m */,
				0D1BCC8D2AC728BC0051FAAE /* ResetViewController.h */,
				0D1BCC8E2AC728BC0051FAAE /* ResetViewController.m */,
				0D1BCC932AC7357C0051FAAE /* PurchaseHistory.h */,
				0D1BCC942AC7357C0051FAAE /* PurchaseHistory.m */,
				0DFEB6132AC880540006FCAC /* DetailViewController.h */,
				0DFEB6142AC880540006FCAC /* DetailViewController.m */,
			);
			path = RaptorsTicketApp;
			sourceTree = "<group>";
		};
/* End PBXGroup section */

/* Begin PBXNativeTarget section */
		F18D18552AC5BB3D006EA445 /* RaptorsTicketApp */ = {
			isa = PBXNativeTarget;
			buildConfigurationList = F18D186F2AC5BB3E006EA445 /* Build configuration list for PBXNativeTarget "RaptorsTicketApp" */;
			buildPhases = (
				F18D18522AC5BB3D006EA445 /* Sources */,
				F18D18532AC5BB3D006EA445 /* Frameworks */,
				F18D18542AC5BB3D006EA445 /* Resources */,
			);
			buildRules = (
			);
			dependencies = (
			);
			name = RaptorsTicketApp;
			productName = RaptorsTicketApp;
			productReference = F18D18562AC5BB3D006EA445 /* RaptorsTicketApp.app */;
			productType = "com.apple.product-type.application";
		};
/* End PBXNativeTarget section */

/* Begin PBXProject section */
		F18D184E2AC5BB3D006EA445 /* Project object */ = {
			isa = PBXProject;
			attributes = {
				BuildIndependentTargetsInParallel = 1;
				LastUpgradeCheck = 1430;
				TargetAttributes = {
					F18D18552AC5BB3D006EA445 = {
						CreatedOnToolsVersion = 14.3.1;
					};
				};
			};
			buildConfigurationList = F18D18512AC5BB3D006EA445 /* Build configuration list for PBXProject "RaptorsTicketApp" */;
			compatibilityVersion = "Xcode 14.0";
			developmentRegion = en;
			hasScannedForEncodings = 0;
			knownRegions = (
				en,
				Base,
			);
			mainGroup = F18D184D2AC5BB3D006EA445;
			productRefGroup = F18D18572AC5BB3D006EA445 /* Products */;
			projectDirPath = "";
			projectRoot = "";
			targets = (
				F18D18552AC5BB3D006EA445 /* RaptorsTicketApp */,
			);
		};
/* End PBXProject section */

/* Begin PBXResourcesBuildPhase section */
		F18D18542AC5BB3D006EA445 /* Resources */ = {
			isa = PBXResourcesBuildPhase;
			buildActionMask = 2147483647;
			files = (
				F18D18692AC5BB3E006EA445 /* LaunchScreen.storyboard in Resources */,
				F18D18662AC5BB3E006EA445 /* Assets.xcassets in Resources */,
				F18D18642AC5BB3D006EA445 /* Main.storyboard in Resources */,
			);
			runOnlyForDeploymentPostprocessing = 0;
		};
/* End PBXResourcesBuildPhase section */

/* Begin PBXSourcesBuildPhase section */
		F18D18522AC5BB3D006EA445 /* Sources */ = {
			isa = PBXSourcesBuildPhase;
			buildActionMask = 2147483647;
			files = (
				0D1BCC8C2AC725A70051FAAE /* HistoryTableViewController.m in Sources */,
				F18D18612AC5BB3D006EA445 /* ViewController.m in Sources */,
				0D1BCC862AC7239E0051FAAE /* ManagerPanelViewController.m in Sources */,
				F18D185B2AC5BB3D006EA445 /* AppDelegate.m in Sources */,
				F18D18742AC5C767006EA445 /* Items.m in Sources */,
				0D1BCC982AC752310051FAAE /* History.m in Sources */,
				0D1BCC8F2AC728BC0051FAAE /* ResetViewController.m in Sources */,
				F1EC1C112AC5DAA900280C1E /* Store.m in Sources */,
				F18D186C2AC5BB3E006EA445 /* main.m in Sources */,
				F18D185E2AC5BB3D006EA445 /* SceneDelegate.m in Sources */,
				0D1BCC952AC7357C0051FAAE /* PurchaseHistory.m in Sources */,
				0DFEB6152AC880540006FCAC /* DetailViewController.m in Sources */,
			);
			runOnlyForDeploymentPostprocessing = 0;
		};
/* End PBXSourcesBuildPhase section */

/* Begin PBXVariantGroup section */
		F18D18622AC5BB3D006EA445 /* Main.storyboard */ = {
			isa = PBXVariantGroup;
			children = (
				F18D18632AC5BB3D006EA445 /* Base */,
			);
			name = Main.storyboard;
			sourceTree = "<group>";
		};
		F18D18672AC5BB3E006EA445 /* LaunchScreen.storyboard */ = {
			isa = PBXVariantGroup;
			children = (
				F18D18682AC5BB3E006EA445 /* Base */,
			);
			name = LaunchScreen.storyboard;
			sourceTree = "<group>";
		};
/* End PBXVariantGroup section */

/* Begin XCBuildConfiguration section */
		F18D186D2AC5BB3E006EA445 /* Debug */ = {
			isa = XCBuildConfiguration;
			buildSettings = {
				ALWAYS_SEARCH_USER_PATHS = NO;
				CLANG_ANALYZER_NONNULL = YES;
				CLANG_ANALYZER_NUMBER_OBJECT_CONVERSION = YES_AGGRESSIVE;
				CLANG_CXX_LANGUAGE_STANDARD = "gnu++20";
				CLANG_ENABLE_MODULES = YES;
				CLANG_ENABLE_OBJC_ARC = YES;
				CLANG_ENABLE_OBJC_WEAK = YES;
				CLANG_WARN_BLOCK_CAPTURE_AUTORELEASING = YES;
				CLANG_WARN_BOOL_CONVERSION = YES;
				CLANG_WARN_COMMA = YES;
				CLANG_WARN_CONSTANT_CONVERSION = YES;
				CLANG_WARN_DEPRECATED_OBJC_IMPLEMENTATIONS = YES;
				CLANG_WARN_DIRECT_OBJC_ISA_USAGE = YES_ERROR;
				CLANG_WARN_DOCUMENTATION_COMMENTS = YES;
				CLANG_WARN_EMPTY_BODY = YES;
				CLANG_WARN_ENUM_CONVERSION = YES;
				CLANG_WARN_INFINITE_RECURSION = YES;
				CLANG_WARN_INT_CONVERSION = YES;
				CLANG_WARN_NON_LITERAL_NULL_CONVERSION = YES;
				CLANG_WARN_OBJC_IMPLICIT_RETAIN_SELF = YES;
				CLANG_WARN_OBJC_LITERAL_CONVERSION = YES;
				CLANG_WARN_OBJC_ROOT_CLASS = YES_ERROR;
				CLANG_WARN_QUOTED_INCLUDE_IN_FRAMEWORK_HEADER = YES;
				CLANG_WARN_RANGE_LOOP_ANALYSIS = YES;
				CLANG_WARN_STRICT_PROTOTYPES = YES;
				CLANG_WARN_SUSPICIOUS_MOVE = YES;
				CLANG_WARN_UNGUARDED_AVAILABILITY = YES_AGGRESSIVE;
				CLANG_WARN_UNREACHABLE_CODE = YES;
				CLANG_WARN__DUPLICATE_METHOD_MATCH = YES;
				COPY_PHASE_STRIP = NO;
				DEBUG_INFORMATION_FORMAT = dwarf;
				ENABLE_STRICT_OBJC_MSGSEND = YES;
				ENABLE_TESTABILITY = YES;
				GCC_C_LANGUAGE_STANDARD = gnu11;
				GCC_DYNAMIC_NO_PIC = NO;
				GCC_NO_COMMON_BLOCKS = YES;
				GCC_OPTIMIZATION_LEVEL = 0;
				GCC_PREPROCESSOR_DEFINITIONS = (
					"DEBUG=1",
					"$(inherited)",
				);
				GCC_WARN_64_TO_32_BIT_CONVERSION = YES;
				GCC_WARN_ABOUT_RETURN_TYPE = YES_ERROR;
				GCC_WARN_UNDECLARED_SELECTOR = YES;
				GCC_WARN_UNINITIALIZED_AUTOS = YES_AGGRESSIVE;
				GCC_WARN_UNUSED_FUNCTION = YES;
				GCC_WARN_UNUSED_VARIABLE = YES;
				IPHONEOS_DEPLOYMENT_TARGET = 16.4;
				MTL_ENABLE_DEBUG_INFO = INCLUDE_SOURCE;
				MTL_FAST_MATH = YES;
				ONLY_ACTIVE_ARCH = YES;
				SDKROOT = iphoneos;
			};
			name = Debug;
		};
		F18D186E2AC5BB3E006EA445 /* Release */ = {
			isa = XCBuildConfiguration;
			buildSettings = {
				ALWAYS_SEARCH_USER_PATHS = NO;
				CLANG_ANALYZER_NONNULL = YES;
				CLANG_ANALYZER_NUMBER_OBJECT_CONVERSION = YES_AGGRESSIVE;
				CLANG_CXX_LANGUAGE_STANDARD = "gnu++20";
				CLANG_ENABLE_MODULES = YES;
				CLANG_ENABLE_OBJC_ARC = YES;
				CLANG_ENABLE_OBJC_WEAK = YES;
				CLANG_WARN_BLOCK_CAPTURE_AUTORELEASING = YES;
				CLANG_WARN_BOOL_CONVERSION = YES;
				CLANG_WARN_COMMA = YES;
				CLANG_WARN_CONSTANT_CONVERSION = YES;
				CLANG_WARN_DEPRECATED_OBJC_IMPLEMENTATIONS = YES;
				CLANG_WARN_DIRECT_OBJC_ISA_USAGE = YES_ERROR;
				CLANG_WARN_DOCUMENTATION_COMMENTS = YES;
				CLANG_WARN_EMPTY_BODY = YES;
				CLANG_WARN_ENUM_CONVERSION = YES;
				CLANG_WARN_INFINITE_RECURSION = YES;
				CLANG_WARN_INT_CONVERSION = YES;
				CLANG_WARN_NON_LITERAL_NULL_CONVERSION = YES;
				CLANG_WARN_OBJC_IMPLICIT_RETAIN_SELF = YES;
				CLANG_WARN_OBJC_LITERAL_CONVERSION = YES;
				CLANG_WARN_OBJC_ROOT_CLASS = YES_ERROR;
				CLANG_WARN_QUOTED_INCLUDE_IN_FRAMEWORK_HEADER = YES;
				CLANG_WARN_RANGE_LOOP_ANALYSIS = YES;
				CLANG_WARN_STRICT_PROTOTYPES = YES;
				CLANG_WARN_SUSPICIOUS_MOVE = YES;
				CLANG_WARN_UNGUARDED_AVAILABILITY = YES_AGGRESSIVE;
				CLANG_WARN_UNREACHABLE_CODE = YES;
				CLANG_WARN__DUPLICATE_METHOD_MATCH = YES;
				COPY_PHASE_STRIP = NO;
				DEBUG_INFORMATION_FORMAT = "dwarf-with-dsym";
				ENABLE_NS_ASSERTIONS = NO;
				ENABLE_STRICT_OBJC_MSGSEND = YES;
				GCC_C_LANGUAGE_STANDARD = gnu11;
				GCC_NO_COMMON_BLOCKS = YES;
				GCC_WARN_64_TO_32_BIT_CONVERSION = YES;
				GCC_WARN_ABOUT_RETURN_TYPE = YES_ERROR;
				GCC_WARN_UNDECLARED_SELECTOR = YES;
				GCC_WARN_UNINITIALIZED_AUTOS = YES_AGGRESSIVE;
				GCC_WARN_UNUSED_FUNCTION = YES;
				GCC_WARN_UNUSED_VARIABLE = YES;
				IPHONEOS_DEPLOYMENT_TARGET = 16.4;
				MTL_ENABLE_DEBUG_INFO = NO;
				MTL_FAST_MATH = YES;
				SDKROOT = iphoneos;
				VALIDATE_PRODUCT = YES;
			};
			name = Release;
		};
		F18D18702AC5BB3E006EA445 /* Debug */ = {
			isa = XCBuildConfiguration;
			buildSettings = {
				ASSETCATALOG_COMPILER_APPICON_NAME = AppIcon;
				ASSETCATALOG_COMPILER_GLOBAL_ACCENT_COLOR_NAME = AccentColor;
				CODE_SIGN_STYLE = Automatic;
				CURRENT_PROJECT_VERSION = 1;
				GENERATE_INFOPLIST_FILE = YES;
				INFOPLIST_FILE = RaptorsTicketApp/Info.plist;
				INFOPLIST_KEY_UIApplicationSupportsIndirectInputEvents = YES;
				INFOPLIST_KEY_UILaunchStoryboardName = LaunchScreen;
				INFOPLIST_KEY_UIMainStoryboardFile = Main;
				INFOPLIST_KEY_UISupportedInterfaceOrientations_iPad = "UIInterfaceOrientationPortrait UIInterfaceOrientationPortraitUpsideDown UIInterfaceOrientationLandscapeLeft UIInterfaceOrientationLandscapeRight";
				INFOPLIST_KEY_UISupportedInterfaceOrientations_iPhone = "UIInterfaceOrientationPortrait UIInterfaceOrientationLandscapeLeft UIInterfaceOrientationLandscapeRight";
				LD_RUNPATH_SEARCH_PATHS = (
					"$(inherited)",
					"@executable_path/Frameworks",
				);
				MARKETING_VERSION = 1.0;
				PRODUCT_BUNDLE_IDENTIFIER = ca.senecacollege.Project.RaptorsTicketApp;
				PRODUCT_NAME = "$(TARGET_NAME)";
				SWIFT_EMIT_LOC_STRINGS = YES;
				TARGETED_DEVICE_FAMILY = "1,2";
			};
			name = Debug;
		};
		F18D18712AC5BB3E006EA445 /* Release */ = {
			isa = XCBuildConfiguration;
			buildSettings = {
				ASSETCATALOG_COMPILER_APPICON_NAME = AppIcon;
				ASSETCATALOG_COMPILER_GLOBAL_ACCENT_COLOR_NAME = AccentColor;
				CODE_SIGN_STYLE = Automatic;
				CURRENT_PROJECT_VERSION = 1;
				GENERATE_INFOPLIST_FILE = YES;
				INFOPLIST_FILE = RaptorsTicketApp/Info.plist;
				INFOPLIST_KEY_UIApplicationSupportsIndirectInputEvents = YES;
				INFOPLIST_KEY_UILaunchStoryboardName = LaunchScreen;
				INFOPLIST_KEY_UIMainStoryboardFile = Main;
				INFOPLIST_KEY_UISupportedInterfaceOrientations_iPad = "UIInterfaceOrientationPortrait UIInterfaceOrientationPortraitUpsideDown UIInterfaceOrientationLandscapeLeft UIInterfaceOrientationLandscapeRight";
				INFOPLIST_KEY_UISupportedInterfaceOrientations_iPhone = "UIInterfaceOrientationPortrait UIInterfaceOrientationLandscapeLeft UIInterfaceOrientationLandscapeRight";
				LD_RUNPATH_SEARCH_PATHS = (
					"$(inherited)",
					"@executable_path/Frameworks",
				);
				MARKETING_VERSION = 1.0;
				PRODUCT_BUNDLE_IDENTIFIER = ca.senecacollege.Project.RaptorsTicketApp;
				PRODUCT_NAME = "$(TARGET_NAME)";
				SWIFT_EMIT_LOC_STRINGS = YES;
				TARGETED_DEVICE_FAMILY = "1,2";
			};
			name = Release;
		};
/* End XCBuildConfiguration section */

/* Begin XCConfigurationList section */
		F18D18512AC5BB3D006EA445 /* Build configuration list for PBXProject "RaptorsTicketApp" */ = {
			isa = XCConfigurationList;
			buildConfigurations = (
				F18D186D2AC5BB3E006EA445 /* Debug */,
				F18D186E2AC5BB3E006EA445 /* Release */,
			);
			defaultConfigurationIsVisible = 0;
			defaultConfigurationName = Release;
		};
		F18D186F2AC5BB3E006EA445 /* Build configuration list for PBXNativeTarget "RaptorsTicketApp" */ = {
			isa = XCConfigurationList;
			buildConfigurations = (
				F18D18702AC5BB3E006EA445 /* Debug */,
				F18D18712AC5BB3E006EA445 /* Release */,
			);
			defaultConfigurationIsVisible = 0;
			defaultConfigurationName = Release;
		};
/* End XCConfigurationList section */
	};
	rootObject = F18D184E2AC5BB3D006EA445 /* Project object */;
}
